Microsoft Visual Studio Solution File, Format Version 8.00
Project("{8BC9CEB8-8B4A-11D0-8D11-00A0C91BC942}") = "gl", "..\..\..\build\msw\wx_gl.vcproj", "{B8CA29BC-114D-40FA-B956-780C162C346A}"
	ProjectSection(ProjectDependencies) = postProject
	EndProjectSection
EndProject
Project("{8BC9CEB8-8B4A-11D0-8D11-00A0C91BC942}") = "core", "..\..\..\build\msw\wx_core.vcproj", "{AB09CD70-6D0F-41E5-94D3-E1012045548F}"
	ProjectSection(ProjectDependencies) = postProject
	EndProjectSection
EndProject
Project("{8BC9CEB8-8B4A-11D0-8D11-00A0C91BC942}") = "base", "..\..\..\build\msw\wx_base.vcproj", "{8A0DD4E4-69B9-4D2C-99D7-7654ED8DFFA5}"
	ProjectSection(ProjectDependencies) = postProject
	EndProjectSection
EndProject
Project("{8BC9CEB8-8B4A-11D0-8D11-00A0C91BC942}") = "Dungeons 3D Editor", "Dungeons 3D Editor.vcproj", "{57DA5F4C-AD34-4715-83D9-64B9F57A0225}"
	ProjectSection(ProjectDependencies) = postProject
	EndProjectSection
EndProject
Global
	GlobalSection(SolutionConfiguration) = preSolution
		Debug = Debug
		DLL Debug = DLL Debug
		DLL Release = DLL Release
		DLL Unicode Debug = DLL Unicode Debug
		DLL Unicode Release = DLL Unicode Release
		DLL Universal Debug = DLL Universal Debug
		DLL Universal Release = DLL Universal Release
		DLL Universal Unicode Debug = DLL Universal Unicode Debug
		DLL Universal Unicode Release = DLL Universal Unicode Release
		Release = Release
		Unicode Debug = Unicode Debug
		Unicode Release = Unicode Release
		Universal Debug = Universal Debug
		Universal Release = Universal Release
		Universal Unicode Debug = Universal Unicode Debug
		Universal Unicode Release = Universal Unicode Release
	EndGlobalSection
	GlobalSection(ProjectConfiguration) = postSolution
		{B8CA29BC-114D-40FA-B956-780C162C346A}.Debug.ActiveCfg = Debug|Win32
		{B8CA29BC-114D-40FA-B956-780C162C346A}.Debug.Build.0 = Debug|Win32
		{B8CA29BC-114D-40FA-B956-780C162C346A}.DLL Debug.ActiveCfg = DLL Debug|Win32
		{B8CA29BC-114D-40FA-B956-780C162C346A}.DLL Debug.Build.0 = DLL Debug|Win32
		{B8CA29BC-114D-40FA-B956-780C162C346A}.DLL Release.ActiveCfg = DLL Release|Win32
		{B8CA29BC-114D-40FA-B956-780C162C346A}.DLL Release.Build.0 = DLL Release|Win32
		{B8CA29BC-114D-40FA-B956-780C162C346A}.DLL Unicode Debug.ActiveCfg = DLL Unicode Debug|Win32
		{B8CA29BC-114D-40FA-B956-780C162C346A}.DLL Unicode Debug.Build.0 = DLL Unicode Debug|Win32
		{B8CA29BC-114D-40FA-B956-780C162C346A}.DLL Unicode Release.ActiveCfg = DLL Unicode Release|Win32
		{B8CA29BC-114D-40FA-B956-780C162C346A}.DLL Unicode Release.Build.0 = DLL Unicode Release|Win32
		{B8CA29BC-114D-40FA-B956-780C162C346A}.DLL Universal Debug.ActiveCfg = DLL Universal Debug|Win32
		{B8CA29BC-114D-40FA-B956-780C162C346A}.DLL Universal Debug.Build.0 = DLL Universal Debug|Win32
		{B8CA29BC-114D-40FA-B956-780C162C346A}.DLL Universal Release.ActiveCfg = DLL Universal Release|Win32
		{B8CA29BC-114D-40FA-B956-780C162C346A}.DLL Universal Release.Build.0 = DLL Universal Release|Win32
		{B8CA29BC-114D-40FA-B956-780C162C346A}.DLL Universal Unicode Debug.ActiveCfg = DLL Universal Unicode Debug|Win32
		{B8CA29BC-114D-40FA-B956-780C162C346A}.DLL Universal Unicode Debug.Build.0 = DLL Universal Unicode Debug|Win32
		{B8CA29BC-114D-40FA-B956-780C162C346A}.DLL Universal Unicode Release.ActiveCfg = DLL Universal Unicode Release|Win32
		{B8CA29BC-114D-40FA-B956-780C162C346A}.DLL Universal Unicode Release.Build.0 = DLL Universal Unicode Release|Win32
		{B8CA29BC-114D-40FA-B956-780C162C346A}.Release.ActiveCfg = Release|Win32
		{B8CA29BC-114D-40FA-B956-780C162C346A}.Release.Build.0 = Release|Win32
		{B8CA29BC-114D-40FA-B956-780C162C346A}.Unicode Debug.ActiveCfg = Unicode Debug|Win32
		{B8CA29BC-114D-40FA-B956-780C162C346A}.Unicode Debug.Build.0 = Unicode Debug|Win32
		{B8CA29BC-114D-40FA-B956-780C162C346A}.Unicode Release.ActiveCfg = Unicode Release|Win32
		{B8CA29BC-114D-40FA-B956-780C162C346A}.Unicode Release.Build.0 = Unicode Release|Win32
		{B8CA29BC-114D-40FA-B956-780C162C346A}.Universal Debug.ActiveCfg = Universal Debug|Win32
		{B8CA29BC-114D-40FA-B956-780C162C346A}.Universal Debug.Build.0 = Universal Debug|Win32
		{B8CA29BC-114D-40FA-B956-780C162C346A}.Universal Release.ActiveCfg = Universal Release|Win32
		{B8CA29BC-114D-40FA-B956-780C162C346A}.Universal Release.Build.0 = Universal Release|Win32
		{B8CA29BC-114D-40FA-B956-780C162C346A}.Universal Unicode Debug.ActiveCfg = Universal Unicode Debug|Win32
		{B8CA29BC-114D-40FA-B956-780C162C346A}.Universal Unicode Debug.Build.0 = Universal Unicode Debug|Win32
		{B8CA29BC-114D-40FA-B956-780C162C346A}.Universal Unicode Release.ActiveCfg = Universal Unicode Release|Win32
		{B8CA29BC-114D-40FA-B956-780C162C346A}.Universal Unicode Release.Build.0 = Universal Unicode Release|Win32
		{AB09CD70-6D0F-41E5-94D3-E1012045548F}.Debug.ActiveCfg = Debug|Win32
		{AB09CD70-6D0F-41E5-94D3-E1012045548F}.Debug.Build.0 = Debug|Win32
		{AB09CD70-6D0F-41E5-94D3-E1012045548F}.DLL Debug.ActiveCfg = DLL Debug|Win32
		{AB09CD70-6D0F-41E5-94D3-E1012045548F}.DLL Debug.Build.0 = DLL Debug|Win32
		{AB09CD70-6D0F-41E5-94D3-E1012045548F}.DLL Release.ActiveCfg = DLL Release|Win32
		{AB09CD70-6D0F-41E5-94D3-E1012045548F}.DLL Release.Build.0 = DLL Release|Win32
		{AB09CD70-6D0F-41E5-94D3-E1012045548F}.DLL Unicode Debug.ActiveCfg = DLL Unicode Debug|Win32
		{AB09CD70-6D0F-41E5-94D3-E1012045548F}.DLL Unicode Debug.Build.0 = DLL Unicode Debug|Win32
		{AB09CD70-6D0F-41E5-94D3-E1012045548F}.DLL Unicode Release.ActiveCfg = DLL Unicode Release|Win32
		{AB09CD70-6D0F-41E5-94D3-E1012045548F}.DLL Unicode Release.Build.0 = DLL Unicode Release|Win32
		{AB09CD70-6D0F-41E5-94D3-E1012045548F}.DLL Universal Debug.ActiveCfg = DLL Universal Debug|Win32
		{AB09CD70-6D0F-41E5-94D3-E1012045548F}.DLL Universal Debug.Build.0 = DLL Universal Debug|Win32
		{AB09CD70-6D0F-41E5-94D3-E1012045548F}.DLL Universal Release.ActiveCfg = DLL Universal Release|Win32
		{AB09CD70-6D0F-41E5-94D3-E1012045548F}.DLL Universal Release.Build.0 = DLL Universal Release|Win32
		{AB09CD70-6D0F-41E5-94D3-E1012045548F}.DLL Universal Unicode Debug.ActiveCfg = DLL Universal Unicode Debug|Win32
		{AB09CD70-6D0F-41E5-94D3-E1012045548F}.DLL Universal Unicode Debug.Build.0 = DLL Universal Unicode Debug|Win32
		{AB09CD70-6D0F-41E5-94D3-E1012045548F}.DLL Universal Unicode Release.ActiveCfg = DLL Universal Unicode Release|Win32
		{AB09CD70-6D0F-41E5-94D3-E1012045548F}.DLL Universal Unicode Release.Build.0 = DLL Universal Unicode Release|Win32
		{AB09CD70-6D0F-41E5-94D3-E1012045548F}.Release.ActiveCfg = Release|Win32
		{AB09CD70-6D0F-41E5-94D3-E1012045548F}.Release.Build.0 = Release|Win32
		{AB09CD70-6D0F-41E5-94D3-E1012045548F}.Unicode Debug.ActiveCfg = Unicode Debug|Win32
		{AB09CD70-6D0F-41E5-94D3-E1012045548F}.Unicode Debug.Build.0 = Unicode Debug|Win32
		{AB09CD70-6D0F-41E5-94D3-E1012045548F}.Unicode Release.ActiveCfg = Unicode Release|Win32
		{AB09CD70-6D0F-41E5-94D3-E1012045548F}.Unicode Release.Build.0 = Unicode Release|Win32
		{AB09CD70-6D0F-41E5-94D3-E1012045548F}.Universal Debug.ActiveCfg = Universal Debug|Win32
		{AB09CD70-6D0F-41E5-94D3-E1012045548F}.Universal Debug.Build.0 = Universal Debug|Win32
		{AB09CD70-6D0F-41E5-94D3-E1012045548F}.Universal Release.ActiveCfg = Universal Release|Win32
		{AB09CD70-6D0F-41E5-94D3-E1012045548F}.Universal Release.Build.0 = Universal Release|Win32
		{AB09CD70-6D0F-41E5-94D3-E1012045548F}.Universal Unicode Debug.ActiveCfg = Universal Unicode Debug|Win32
		{AB09CD70-6D0F-41E5-94D3-E1012045548F}.Universal Unicode Debug.Build.0 = Universal Unicode Debug|Win32
		{AB09CD70-6D0F-41E5-94D3-E1012045548F}.Universal Unicode Release.ActiveCfg = Universal Unicode Release|Win32
		{AB09CD70-6D0F-41E5-94D3-E1012045548F}.Universal Unicode Release.Build.0 = Universal Unicode Release|Win32
		{8A0DD4E4-69B9-4D2C-99D7-7654ED8DFFA5}.Debug.ActiveCfg = Debug|Win32
		{8A0DD4E4-69B9-4D2C-99D7-7654ED8DFFA5}.Debug.Build.0 = Debug|Win32
		{8A0DD4E4-69B9-4D2C-99D7-7654ED8DFFA5}.DLL Debug.ActiveCfg = DLL Debug|Win32
		{8A0DD4E4-69B9-4D2C-99D7-7654ED8DFFA5}.DLL Debug.Build.0 = DLL Debug|Win32
		{8A0DD4E4-69B9-4D2C-99D7-7654ED8DFFA5}.DLL Release.ActiveCfg = DLL Release|Win32
		{8A0DD4E4-69B9-4D2C-99D7-7654ED8DFFA5}.DLL Release.Build.0 = DLL Release|Win32
		{8A0DD4E4-69B9-4D2C-99D7-7654ED8DFFA5}.DLL Unicode Debug.ActiveCfg = DLL Unicode Debug|Win32
		{8A0DD4E4-69B9-4D2C-99D7-7654ED8DFFA5}.DLL Unicode Debug.Build.0 = DLL Unicode Debug|Win32
		{8A0DD4E4-69B9-4D2C-99D7-7654ED8DFFA5}.DLL Unicode Release.ActiveCfg = DLL Unicode Release|Win32
		{8A0DD4E4-69B9-4D2C-99D7-7654ED8DFFA5}.DLL Unicode Release.Build.0 = DLL Unicode Release|Win32
		{8A0DD4E4-69B9-4D2C-99D7-7654ED8DFFA5}.DLL Universal Debug.ActiveCfg = DLL Universal Debug|Win32
		{8A0DD4E4-69B9-4D2C-99D7-7654ED8DFFA5}.DLL Universal Debug.Build.0 = DLL Universal Debug|Win32
		{8A0DD4E4-69B9-4D2C-99D7-7654ED8DFFA5}.DLL Universal Release.ActiveCfg = DLL Universal Release|Win32
		{8A0DD4E4-69B9-4D2C-99D7-7654ED8DFFA5}.DLL Universal Release.Build.0 = DLL Universal Release|Win32
		{8A0DD4E4-69B9-4D2C-99D7-7654ED8DFFA5}.DLL Universal Unicode Debug.ActiveCfg = DLL Universal Unicode Debug|Win32
		{8A0DD4E4-69B9-4D2C-99D7-7654ED8DFFA5}.DLL Universal Unicode Debug.Build.0 = DLL Universal Unicode Debug|Win32
		{8A0DD4E4-69B9-4D2C-99D7-7654ED8DFFA5}.DLL Universal Unicode Release.ActiveCfg = DLL Universal Unicode Release|Win32
		{8A0DD4E4-69B9-4D2C-99D7-7654ED8DFFA5}.DLL Universal Unicode Release.Build.0 = DLL Universal Unicode Release|Win32
		{8A0DD4E4-69B9-4D2C-99D7-7654ED8DFFA5}.Release.ActiveCfg = Release|Win32
		{8A0DD4E4-69B9-4D2C-99D7-7654ED8DFFA5}.Release.Build.0 = Release|Win32
		{8A0DD4E4-69B9-4D2C-99D7-7654ED8DFFA5}.Unicode Debug.ActiveCfg = Unicode Debug|Win32
		{8A0DD4E4-69B9-4D2C-99D7-7654ED8DFFA5}.Unicode Debug.Build.0 = Unicode Debug|Win32
		{8A0DD4E4-69B9-4D2C-99D7-7654ED8DFFA5}.Unicode Release.ActiveCfg = Unicode Release|Win32
		{8A0DD4E4-69B9-4D2C-99D7-7654ED8DFFA5}.Unicode Release.Build.0 = Unicode Release|Win32
		{8A0DD4E4-69B9-4D2C-99D7-7654ED8DFFA5}.Universal Debug.ActiveCfg = Universal Debug|Win32
		{8A0DD4E4-69B9-4D2C-99D7-7654ED8DFFA5}.Universal Debug.Build.0 = Universal Debug|Win32
		{8A0DD4E4-69B9-4D2C-99D7-7654ED8DFFA5}.Universal Release.ActiveCfg = Universal Release|Win32
		{8A0DD4E4-69B9-4D2C-99D7-7654ED8DFFA5}.Universal Release.Build.0 = Universal Release|Win32
		{8A0DD4E4-69B9-4D2C-99D7-7654ED8DFFA5}.Universal Unicode Debug.ActiveCfg = Universal Unicode Debug|Win32
		{8A0DD4E4-69B9-4D2C-99D7-7654ED8DFFA5}.Universal Unicode Debug.Build.0 = Universal Unicode Debug|Win32
		{8A0DD4E4-69B9-4D2C-99D7-7654ED8DFFA5}.Universal Unicode Release.ActiveCfg = Universal Unicode Release|Win32
		{8A0DD4E4-69B9-4D2C-99D7-7654ED8DFFA5}.Universal Unicode Release.Build.0 = Universal Unicode Release|Win32
		{57DA5F4C-AD34-4715-83D9-64B9F57A0225}.Debug.ActiveCfg = Debug|Win32
		{57DA5F4C-AD34-4715-83D9-64B9F57A0225}.Debug.Build.0 = Debug|Win32
		{57DA5F4C-AD34-4715-83D9-64B9F57A0225}.DLL Debug.ActiveCfg = DLL Debug|Win32
		{57DA5F4C-AD34-4715-83D9-64B9F57A0225}.DLL Debug.Build.0 = DLL Debug|Win32
		{57DA5F4C-AD34-4715-83D9-64B9F57A0225}.DLL Release.ActiveCfg = DLL Release|Win32
		{57DA5F4C-AD34-4715-83D9-64B9F57A0225}.DLL Release.Build.0 = DLL Release|Win32
		{57DA5F4C-AD34-4715-83D9-64B9F57A0225}.DLL Unicode Debug.ActiveCfg = DLL Unicode Debug|Win32
		{57DA5F4C-AD34-4715-83D9-64B9F57A0225}.DLL Unicode Debug.Build.0 = DLL Unicode Debug|Win32
		{57DA5F4C-AD34-4715-83D9-64B9F57A0225}.DLL Unicode Release.ActiveCfg = DLL Unicode Release|Win32
		{57DA5F4C-AD34-4715-83D9-64B9F57A0225}.DLL Unicode Release.Build.0 = DLL Unicode Release|Win32
		{57DA5F4C-AD34-4715-83D9-64B9F57A0225}.DLL Universal Debug.ActiveCfg = DLL Universal Debug|Win32
		{57DA5F4C-AD34-4715-83D9-64B9F57A0225}.DLL Universal Debug.Build.0 = DLL Universal Debug|Win32
		{57DA5F4C-AD34-4715-83D9-64B9F57A0225}.DLL Universal Release.ActiveCfg = DLL Universal Release|Win32
		{57DA5F4C-AD34-4715-83D9-64B9F57A0225}.DLL Universal Release.Build.0 = DLL Universal Release|Win32
		{57DA5F4C-AD34-4715-83D9-64B9F57A0225}.DLL Universal Unicode Debug.ActiveCfg = DLL Universal Unicode Debug|Win32
		{57DA5F4C-AD34-4715-83D9-64B9F57A0225}.DLL Universal Unicode Debug.Build.0 = DLL Universal Unicode Debug|Win32
		{57DA5F4C-AD34-4715-83D9-64B9F57A0225}.DLL Universal Unicode Release.ActiveCfg = DLL Universal Unicode Release|Win32
		{57DA5F4C-AD34-4715-83D9-64B9F57A0225}.DLL Universal Unicode Release.Build.0 = DLL Universal Unicode Release|Win32
		{57DA5F4C-AD34-4715-83D9-64B9F57A0225}.Release.ActiveCfg = Release|Win32
		{57DA5F4C-AD34-4715-83D9-64B9F57A0225}.Release.Build.0 = Release|Win32
		{57DA5F4C-AD34-4715-83D9-64B9F57A0225}.Unicode Debug.ActiveCfg = Unicode Debug|Win32
		{57DA5F4C-AD34-4715-83D9-64B9F57A0225}.Unicode Debug.Build.0 = Unicode Debug|Win32
		{57DA5F4C-AD34-4715-83D9-64B9F57A0225}.Unicode Release.ActiveCfg = Unicode Release|Win32
		{57DA5F4C-AD34-4715-83D9-64B9F57A0225}.Unicode Release.Build.0 = Unicode Release|Win32
		{57DA5F4C-AD34-4715-83D9-64B9F57A0225}.Universal Debug.ActiveCfg = Universal Debug|Win32
		{57DA5F4C-AD34-4715-83D9-64B9F57A0225}.Universal Debug.Build.0 = Universal Debug|Win32
		{57DA5F4C-AD34-4715-83D9-64B9F57A0225}.Universal Release.ActiveCfg = Universal Release|Win32
		{57DA5F4C-AD34-4715-83D9-64B9F57A0225}.Universal Release.Build.0 = Universal Release|Win32
		{57DA5F4C-AD34-4715-83D9-64B9F57A0225}.Universal Unicode Debug.ActiveCfg = Universal Unicode Debug|Win32
		{57DA5F4C-AD34-4715-83D9-64B9F57A0225}.Universal Unicode Debug.Build.0 = Universal Unicode Debug|Win32
		{57DA5F4C-AD34-4715-83D9-64B9F57A0225}.Universal Unicode Release.ActiveCfg = Universal Unicode Release|Win32
		{57DA5F4C-AD34-4715-83D9-64B9F57A0225}.Universal Unicode Release.Build.0 = Universal Unicode Release|Win32
	EndGlobalSection
	GlobalSection(ExtensibilityGlobals) = postSolution
	EndGlobalSection
	GlobalSection(ExtensibilityAddIns) = postSolution
	EndGlobalSection
EndGlobal
